
Microsoft Visual Studio Solution File, Format Version 12.00
# Visual Studio 15
VisualStudioVersion = 15.0.27004.2005
MinimumVisualStudioVersion = 10.0.40219.1
Project("{D954291E-2A0B-460D-934E-DC6B0785DB48}") = "XamarinProject", "XamarinProject\XamarinProject\XamarinProject.shproj", "{77797013-8736-4D68-A5CD-C9E544655CBF}"
EndProject
Project("{FAE04EC0-301F-11D3-BF4B-00C04F79EFBC}") = "XamarinProject.Android", "XamarinProject\XamarinProject.Android\XamarinProject.Android.csproj", "{330ABEB9-B239-4714-931A-9D4EA3A14F74}"
EndProject
Project("{FAE04EC0-301F-11D3-BF4B-00C04F79EFBC}") = "XamarinProject.UWP", "XamarinProject\XamarinProject.UWP\XamarinProject.UWP.csproj", "{E99B7267-3312-4E3F-BE41-68F01AB59605}"
EndProject
Global
	GlobalSection(SharedMSBuildProjectFiles) = preSolution
		XamarinProject\XamarinProject\XamarinProject.projitems*{330abeb9-b239-4714-931a-9d4ea3a14f74}*SharedItemsImports = 4
		XamarinProject\XamarinProject\XamarinProject.projitems*{77797013-8736-4d68-a5cd-c9e544655cbf}*SharedItemsImports = 13
		XamarinProject\XamarinProject\XamarinProject.projitems*{e99b7267-3312-4e3f-be41-68f01ab59605}*SharedItemsImports = 4
	EndGlobalSection
	GlobalSection(SolutionConfigurationPlatforms) = preSolution
		Ad-Hoc|Any CPU = Ad-Hoc|Any CPU
		Ad-Hoc|ARM = Ad-Hoc|ARM
		Ad-Hoc|iPhone = Ad-Hoc|iPhone
		Ad-Hoc|iPhoneSimulator = Ad-Hoc|iPhoneSimulator
		Ad-Hoc|x64 = Ad-Hoc|x64
		Ad-Hoc|x86 = Ad-Hoc|x86
		AppStore|Any CPU = AppStore|Any CPU
		AppStore|ARM = AppStore|ARM
		AppStore|iPhone = AppStore|iPhone
		AppStore|iPhoneSimulator = AppStore|iPhoneSimulator
		AppStore|x64 = AppStore|x64
		AppStore|x86 = AppStore|x86
		Debug|Any CPU = Debug|Any CPU
		Debug|ARM = Debug|ARM
		Debug|iPhone = Debug|iPhone
		Debug|iPhoneSimulator = Debug|iPhoneSimulator
		Debug|x64 = Debug|x64
		Debug|x86 = Debug|x86
		Release|Any CPU = Release|Any CPU
		Release|ARM = Release|ARM
		Release|iPhone = Release|iPhone
		Release|iPhoneSimulator = Release|iPhoneSimulator
		Release|x64 = Release|x64
		Release|x86 = Release|x86
	EndGlobalSection
	GlobalSection(ProjectConfigurationPlatforms) = postSolution
		{330ABEB9-B239-4714-931A-9D4EA3A14F74}.Ad-Hoc|Any CPU.ActiveCfg = Release|Any CPU
		{330ABEB9-B239-4714-931A-9D4EA3A14F74}.Ad-Hoc|Any CPU.Build.0 = Release|Any CPU
		{330ABEB9-B239-4714-931A-9D4EA3A14F74}.Ad-Hoc|Any CPU.Deploy.0 = Release|Any CPU
		{330ABEB9-B239-4714-931A-9D4EA3A14F74}.Ad-Hoc|ARM.ActiveCfg = Release|Any CPU
		{330ABEB9-B239-4714-931A-9D4EA3A14F74}.Ad-Hoc|ARM.Build.0 = Release|Any CPU
		{330ABEB9-B239-4714-931A-9D4EA3A14F74}.Ad-Hoc|ARM.Deploy.0 = Release|Any CPU
		{330ABEB9-B239-4714-931A-9D4EA3A14F74}.Ad-Hoc|iPhone.ActiveCfg = Release|Any CPU
		{330ABEB9-B239-4714-931A-9D4EA3A14F74}.Ad-Hoc|iPhone.Build.0 = Release|Any CPU
		{330ABEB9-B239-4714-931A-9D4EA3A14F74}.Ad-Hoc|iPhone.Deploy.0 = Release|Any CPU
		{330ABEB9-B239-4714-931A-9D4EA3A14F74}.Ad-Hoc|iPhoneSimulator.ActiveCfg = Release|Any CPU
		{330ABEB9-B239-4714-931A-9D4EA3A14F74}.Ad-Hoc|iPhoneSimulator.Build.0 = Release|Any CPU
		{330ABEB9-B239-4714-931A-9D4EA3A14F74}.Ad-Hoc|iPhoneSimulator.Deploy.0 = Release|Any CPU
		{330ABEB9-B239-4714-931A-9D4EA3A14F74}.Ad-Hoc|x64.ActiveCfg = Release|Any CPU
		{330ABEB9-B239-4714-931A-9D4EA3A14F74}.Ad-Hoc|x64.Build.0 = Release|Any CPU
		{330ABEB9-B239-4714-931A-9D4EA3A14F74}.Ad-Hoc|x64.Deploy.0 = Release|Any CPU
		{330ABEB9-B239-4714-931A-9D4EA3A14F74}.Ad-Hoc|x86.ActiveCfg = Release|Any CPU
		{330ABEB9-B239-4714-931A-9D4EA3A14F74}.Ad-Hoc|x86.Build.0 = Release|Any CPU
		{330ABEB9-B239-4714-931A-9D4EA3A14F74}.Ad-Hoc|x86.Deploy.0 = Release|Any CPU
		{330ABEB9-B239-4714-931A-9D4EA3A14F74}.AppStore|Any CPU.ActiveCfg = Release|Any CPU
		{330ABEB9-B239-4714-931A-9D4EA3A14F74}.AppStore|Any CPU.Build.0 = Release|Any CPU
		{330ABEB9-B239-4714-931A-9D4EA3A14F74}.AppStore|Any CPU.Deploy.0 = Release|Any CPU
		{330ABEB9-B239-4714-931A-9D4EA3A14F74}.AppStore|ARM.ActiveCfg = Release|Any CPU
		{330ABEB9-B239-4714-931A-9D4EA3A14F74}.AppStore|ARM.Build.0 = Release|Any CPU
		{330ABEB9-B239-4714-931A-9D4EA3A14F74}.AppStore|ARM.Deploy.0 = Release|Any CPU
		{330ABEB9-B239-4714-931A-9D4EA3A14F74}.AppStore|iPhone.ActiveCfg = Release|Any CPU
		{330ABEB9-B239-4714-931A-9D4EA3A14F74}.AppStore|iPhone.Build.0 = Release|Any CPU
		{330ABEB9-B239-4714-931A-9D4EA3A14F74}.AppStore|iPhone.Deploy.0 = Release|Any CPU
		{330ABEB9-B239-4714-931A-9D4EA3A14F74}.AppStore|iPhoneSimulator.ActiveCfg = Release|Any CPU
		{330ABEB9-B239-4714-931A-9D4EA3A14F74}.AppStore|iPhoneSimulator.Build.0 = Release|Any CPU
		{330ABEB9-B239-4714-931A-9D4EA3A14F74}.AppStore|iPhoneSimulator.Deploy.0 = Release|Any CPU
		{330ABEB9-B239-4714-931A-9D4EA3A14F74}.AppStore|x64.ActiveCfg = Release|Any CPU
		{330ABEB9-B239-4714-931A-9D4EA3A14F74}.AppStore|x64.Build.0 = Release|Any CPU
		{330ABEB9-B239-4714-931A-9D4EA3A14F74}.AppStore|x64.Deploy.0 = Release|Any CPU
		{330ABEB9-B239-4714-931A-9D4EA3A14F74}.AppStore|x86.ActiveCfg = Release|Any CPU
		{330ABEB9-B239-4714-931A-9D4EA3A14F74}.AppStore|x86.Build.0 = Release|Any CPU
		{330ABEB9-B239-4714-931A-9D4EA3A14F74}.AppStore|x86.Deploy.0 = Release|Any CPU
		{330ABEB9-B239-4714-931A-9D4EA3A14F74}.Debug|Any CPU.ActiveCfg = Debug|Any CPU
		{330ABEB9-B239-4714-931A-9D4EA3A14F74}.Debug|Any CPU.Build.0 = Debug|Any CPU
		{330ABEB9-B239-4714-931A-9D4EA3A14F74}.Debug|Any CPU.Deploy.0 = Debug|Any CPU
		{330ABEB9-B239-4714-931A-9D4EA3A14F74}.Debug|ARM.ActiveCfg = Debug|Any CPU
		{330ABEB9-B239-4714-931A-9D4EA3A14F74}.Debug|ARM.Build.0 = Debug|Any CPU
		{330ABEB9-B239-4714-931A-9D4EA3A14F74}.Debug|ARM.Deploy.0 = Debug|Any CPU
		{330ABEB9-B239-4714-931A-9D4EA3A14F74}.Debug|iPhone.ActiveCfg = Debug|Any CPU
		{330ABEB9-B239-4714-931A-9D4EA3A14F74}.Debug|iPhone.Build.0 = Debug|Any CPU
		{330ABEB9-B239-4714-931A-9D4EA3A14F74}.Debug|iPhone.Deploy.0 = Debug|Any CPU
		{330ABEB9-B239-4714-931A-9D4EA3A14F74}.Debug|iPhoneSimulator.ActiveCfg = Debug|Any CPU
		{330ABEB9-B239-4714-931A-9D4EA3A14F74}.Debug|iPhoneSimulator.Build.0 = Debug|Any CPU
		{330ABEB9-B239-4714-931A-9D4EA3A14F74}.Debug|iPhoneSimulator.Deploy.0 = Debug|Any CPU
		{330ABEB9-B239-4714-931A-9D4EA3A14F74}.Debug|x64.ActiveCfg = Debug|Any CPU
		{330ABEB9-B239-4714-931A-9D4EA3A14F74}.Debug|x64.Build.0 = Debug|Any CPU
		{330ABEB9-B239-4714-931A-9D4EA3A14F74}.Debug|x64.Deploy.0 = Debug|Any CPU
		{330ABEB9-B239-4714-931A-9D4EA3A14F74}.Debug|x86.ActiveCfg = Debug|Any CPU
		{330ABEB9-B239-4714-931A-9D4EA3A14F74}.Debug|x86.Build.0 = Debug|Any CPU
		{330ABEB9-B239-4714-931A-9D4EA3A14F74}.Debug|x86.Deploy.0 = Debug|Any CPU
		{330ABEB9-B239-4714-931A-9D4EA3A14F74}.Release|Any CPU.ActiveCfg = Release|Any CPU
		{330ABEB9-B239-4714-931A-9D4EA3A14F74}.Release|Any CPU.Build.0 = Release|Any CPU
		{330ABEB9-B239-4714-931A-9D4EA3A14F74}.Release|Any CPU.Deploy.0 = Release|Any CPU
		{330ABEB9-B239-4714-931A-9D4EA3A14F74}.Release|ARM.ActiveCfg = Release|Any CPU
		{330ABEB9-B239-4714-931A-9D4EA3A14F74}.Release|ARM.Build.0 = Release|Any CPU
		{330ABEB9-B239-4714-931A-9D4EA3A14F74}.Release|ARM.Deploy.0 = Release|Any CPU
		{330ABEB9-B239-4714-931A-9D4EA3A14F74}.Release|iPhone.ActiveCfg = Release|Any CPU
		{330ABEB9-B239-4714-931A-9D4EA3A14F74}.Release|iPhone.Build.0 = Release|Any CPU
		{330ABEB9-B239-4714-931A-9D4EA3A14F74}.Release|iPhone.Deploy.0 = Release|Any CPU
		{330ABEB9-B239-4714-931A-9D4EA3A14F74}.Release|iPhoneSimulator.ActiveCfg = Release|Any CPU
		{330ABEB9-B239-4714-931A-9D4EA3A14F74}.Release|iPhoneSimulator.Build.0 = Release|Any CPU
		{330ABEB9-B239-4714-931A-9D4EA3A14F74}.Release|iPhoneSimulator.Deploy.0 = Release|Any CPU
		{330ABEB9-B239-4714-931A-9D4EA3A14F74}.Release|x64.ActiveCfg = Release|Any CPU
		{330ABEB9-B239-4714-931A-9D4EA3A14F74}.Release|x64.Build.0 = Release|Any CPU
		{330ABEB9-B239-4714-931A-9D4EA3A14F74}.Release|x64.Deploy.0 = Release|Any CPU
		{330ABEB9-B239-4714-931A-9D4EA3A14F74}.Release|x86.ActiveCfg = Release|Any CPU
		{330ABEB9-B239-4714-931A-9D4EA3A14F74}.Release|x86.Build.0 = Release|Any CPU
		{330ABEB9-B239-4714-931A-9D4EA3A14F74}.Release|x86.Deploy.0 = Release|Any CPU
		{E99B7267-3312-4E3F-BE41-68F01AB59605}.Ad-Hoc|Any CPU.ActiveCfg = Release|x86
		{E99B7267-3312-4E3F-BE41-68F01AB59605}.Ad-Hoc|Any CPU.Build.0 = Release|x86
		{E99B7267-3312-4E3F-BE41-68F01AB59605}.Ad-Hoc|Any CPU.Deploy.0 = Release|x86
		{E99B7267-3312-4E3F-BE41-68F01AB59605}.Ad-Hoc|ARM.ActiveCfg = Release|ARM
		{E99B7267-3312-4E3F-BE41-68F01AB59605}.Ad-Hoc|ARM.Build.0 = Release|ARM
		{E99B7267-3312-4E3F-BE41-68F01AB59605}.Ad-Hoc|ARM.Deploy.0 = Release|ARM
		{E99B7267-3312-4E3F-BE41-68F01AB59605}.Ad-Hoc|iPhone.ActiveCfg = Release|x86
		{E99B7267-3312-4E3F-BE41-68F01AB59605}.Ad-Hoc|iPhone.Build.0 = Release|x86
		{E99B7267-3312-4E3F-BE41-68F01AB59605}.Ad-Hoc|iPhone.Deploy.0 = Release|x86
		{E99B7267-3312-4E3F-BE41-68F01AB59605}.Ad-Hoc|iPhoneSimulator.ActiveCfg = Release|x86
		{E99B7267-3312-4E3F-BE41-68F01AB59605}.Ad-Hoc|iPhoneSimulator.Build.0 = Release|x86
		{E99B7267-3312-4E3F-BE41-68F01AB59605}.Ad-Hoc|iPhoneSimulator.Deploy.0 = Release|x86
		{E99B7267-3312-4E3F-BE41-68F01AB59605}.Ad-Hoc|x64.ActiveCfg = Release|x64
		{E99B7267-3312-4E3F-BE41-68F01AB59605}.Ad-Hoc|x64.Build.0 = Release|x64
		{E99B7267-3312-4E3F-BE41-68F01AB59605}.Ad-Hoc|x64.Deploy.0 = Release|x64
		{E99B7267-3312-4E3F-BE41-68F01AB59605}.Ad-Hoc|x86.ActiveCfg = Release|x86
		{E99B7267-3312-4E3F-BE41-68F01AB59605}.Ad-Hoc|x86.Build.0 = Release|x86
		{E99B7267-3312-4E3F-BE41-68F01AB59605}.Ad-Hoc|x86.Deploy.0 = Release|x86
		{E99B7267-3312-4E3F-BE41-68F01AB59605}.AppStore|Any CPU.ActiveCfg = Release|x86
		{E99B7267-3312-4E3F-BE41-68F01AB59605}.AppStore|Any CPU.Build.0 = Release|x86
		{E99B7267-3312-4E3F-BE41-68F01AB59605}.AppStore|Any CPU.Deploy.0 = Release|x86
		{E99B7267-3312-4E3F-BE41-68F01AB59605}.AppStore|ARM.ActiveCfg = Release|ARM
		{E99B7267-3312-4E3F-BE41-68F01AB59605}.AppStore|ARM.Build.0 = Release|ARM
		{E99B7267-3312-4E3F-BE41-68F01AB59605}.AppStore|ARM.Deploy.0 = Release|ARM
		{E99B7267-3312-4E3F-BE41-68F01AB59605}.AppStore|iPhone.ActiveCfg = Release|x86
		{E99B7267-3312-4E3F-BE41-68F01AB59605}.AppStore|iPhone.Build.0 = Release|x86
		{E99B7267-3312-4E3F-BE41-68F01AB59605}.AppStore|iPhone.Deploy.0 = Release|x86
		{E99B7267-3312-4E3F-BE41-68F01AB59605}.AppStore|iPhoneSimulator.ActiveCfg = Release|x86
		{E99B7267-3312-4E3F-BE41-68F01AB59605}.AppStore|iPhoneSimulator.Build.0 = Release|x86
		{E99B7267-3312-4E3F-BE41-68F01AB59605}.AppStore|iPhoneSimulator.Deploy.0 = Release|x86
		{E99B7267-3312-4E3F-BE41-68F01AB59605}.AppStore|x64.ActiveCfg = Release|x64
		{E99B7267-3312-4E3F-BE41-68F01AB59605}.AppStore|x64.Build.0 = Release|x64
		{E99B7267-3312-4E3F-BE41-68F01AB59605}.AppStore|x64.Deploy.0 = Release|x64
		{E99B7267-3312-4E3F-BE41-68F01AB59605}.AppStore|x86.ActiveCfg = Release|x86
		{E99B7267-3312-4E3F-BE41-68F01AB59605}.AppStore|x86.Build.0 = Release|x86
		{E99B7267-3312-4E3F-BE41-68F01AB59605}.AppStore|x86.Deploy.0 = Release|x86
		{E99B7267-3312-4E3F-BE41-68F01AB59605}.Debug|Any CPU.ActiveCfg = Debug|x86
		{E99B7267-3312-4E3F-BE41-68F01AB59605}.Debug|ARM.ActiveCfg = Debug|ARM
		{E99B7267-3312-4E3F-BE41-68F01AB59605}.Debug|ARM.Build.0 = Debug|ARM
		{E99B7267-3312-4E3F-BE41-68F01AB59605}.Debug|ARM.Deploy.0 = Debug|ARM
		{E99B7267-3312-4E3F-BE41-68F01AB59605}.Debug|iPhone.ActiveCfg = Debug|x86
		{E99B7267-3312-4E3F-BE41-68F01AB59605}.Debug|iPhoneSimulator.ActiveCfg = Debug|x86
		{E99B7267-3312-4E3F-BE41-68F01AB59605}.Debug|x64.ActiveCfg = Debug|x64
		{E99B7267-3312-4E3F-BE41-68F01AB59605}.Debug|x64.Build.0 = Debug|x64
		{E99B7267-3312-4E3F-BE41-68F01AB59605}.Debug|x64.Deploy.0 = Debug|x64
		{E99B7267-3312-4E3F-BE41-68F01AB59605}.Debug|x86.ActiveCfg = Debug|x86
		{E99B7267-3312-4E3F-BE41-68F01AB59605}.Debug|x86.Build.0 = Debug|x86
		{E99B7267-3312-4E3F-BE41-68F01AB59605}.Debug|x86.Deploy.0 = Debug|x86
		{E99B7267-3312-4E3F-BE41-68F01AB59605}.Release|Any CPU.ActiveCfg = Release|x86
		{E99B7267-3312-4E3F-BE41-68F01AB59605}.Release|ARM.ActiveCfg = Release|ARM
		{E99B7267-3312-4E3F-BE41-68F01AB59605}.Release|ARM.Build.0 = Release|ARM
		{E99B7267-3312-4E3F-BE41-68F01AB59605}.Release|ARM.Deploy.0 = Release|ARM
		{E99B7267-3312-4E3F-BE41-68F01AB59605}.Release|iPhone.ActiveCfg = Release|x86
		{E99B7267-3312-4E3F-BE41-68F01AB59605}.Release|iPhoneSimulator.ActiveCfg = Release|x86
		{E99B7267-3312-4E3F-BE41-68F01AB59605}.Release|x64.ActiveCfg = Release|x64
		{E99B7267-3312-4E3F-BE41-68F01AB59605}.Release|x64.Build.0 = Release|x64
		{E99B7267-3312-4E3F-BE41-68F01AB59605}.Release|x64.Deploy.0 = Release|x64
		{E99B7267-3312-4E3F-BE41-68F01AB59605}.Release|x86.ActiveCfg = Release|x86
		{E99B7267-3312-4E3F-BE41-68F01AB59605}.Release|x86.Build.0 = Release|x86
		{E99B7267-3312-4E3F-BE41-68F01AB59605}.Release|x86.Deploy.0 = Release|x86
	EndGlobalSection
	GlobalSection(SolutionProperties) = preSolution
		HideSolutionNode = FALSE
	EndGlobalSection
	GlobalSection(ExtensibilityGlobals) = postSolution
		SolutionGuid = {23EDB33F-583B-420B-B4C7-741457403683}
	EndGlobalSection
EndGlobal
